
Microsoft Visual Studio Solution File, Format Version 12.00
# Visual Studio 2012
Project("{FAE04EC0-301F-11D3-BF4B-00C04F79EFBC}") = "Chess", "Chess\Chess.csproj", "{5C3DE354-EDD4-4377-A3D0-A33A5D2C7C71}"
EndProject
Project("{FAE04EC0-301F-11D3-BF4B-00C04F79EFBC}") = "Chess.Tests", "Chess.Tests\Chess.Tests.csproj", "{DB6292BE-67D3-48D3-90A6-8C9A37974CDE}"
EndProject
Project("{2150E333-8FDC-42A3-9474-1A3956D46DE8}") = "Solution Items", "Solution Items", "{967AC0A5-B100-4C1A-AFCF-672F7FF6E2BC}"
	ProjectSection(SolutionItems) = preProject
		Chess.vsmdi = Chess.vsmdi
		Local.testsettings = Local.testsettings
		TraceAndTestImpact.testsettings = TraceAndTestImpact.testsettings
	EndProjectSection
EndProject
Project("{FAE04EC0-301F-11D3-BF4B-00C04F79EFBC}") = "Chess.UI", "Chess.UI\Chess.UI.csproj", "{C764D7D5-9FF3-474D-92C7-133CA1589C65}"
EndProject
Project("{FAE04EC0-301F-11D3-BF4B-00C04F79EFBC}") = "Chess.AI", "Chess.AI\Chess.AI.csproj", "{1AD597B5-D14F-4CF9-8FB7-163725558C0A}"
EndProject
Project("{FAE04EC0-301F-11D3-BF4B-00C04F79EFBC}") = "Chess.AI.Tests", "Chess.AI.Tests\Chess.AI.Tests.csproj", "{52C81B5A-2FF9-4021-9948-5E070158233B}"
EndProject
Project("{FAE04EC0-301F-11D3-BF4B-00C04F79EFBC}") = "Chess.AI.PerformanceTests", "Chess.AI.PerformanceTests\Chess.AI.PerformanceTests.csproj", "{D4F61961-69B2-4FAD-95FD-916EA6DB2D84}"
EndProject
Project("{FAE04EC0-301F-11D3-BF4B-00C04F79EFBC}") = "Chess.Lib.Managed", "Chess.Bitboard\Chess.Lib.Managed.csproj", "{79CAA135-2881-4E2D-93E3-45257546E766}"
EndProject
Project("{FAE04EC0-301F-11D3-BF4B-00C04F79EFBC}") = "Chess.Lib.Tests", "Chess.Bitboard.Tests\Chess.Lib.Tests.csproj", "{52DE493F-84F8-451B-8D04-BEDD8D5DF586}"
EndProject
Project("{FAE04EC0-301F-11D3-BF4B-00C04F79EFBC}") = "Chess.Lib.CalculateMagic", "Chess.Bitboard.Calculate\Chess.Lib.CalculateMagic.csproj", "{76183A0D-5F8B-44A1-9B32-3270C809F235}"
EndProject
Project("{8BC9CEB8-8B4A-11D0-8D11-00A0C91BC942}") = "Chess.Lib", "Chess.Lib\Chess.Lib.vcxproj", "{A0FB4011-6EB9-4444-8323-84F34A9939BB}"
EndProject
Project("{FAE04EC0-301F-11D3-BF4B-00C04F79EFBC}") = "Chess.Lib.BitboardEditor", "Chess.Bitboard.Editor\Chess.Lib.BitboardEditor.csproj", "{CDB74489-AC6B-47B0-878F-F228456F7FA3}"
EndProject
Global
	GlobalSection(TestCaseManagementSettings) = postSolution
		CategoryFile = Chess.vsmdi
	EndGlobalSection
	GlobalSection(SolutionConfigurationPlatforms) = preSolution
		Debug|x64 = Debug|x64
		Debug|x86 = Debug|x86
		Release|x64 = Release|x64
		Release|x86 = Release|x86
	EndGlobalSection
	GlobalSection(ProjectConfigurationPlatforms) = postSolution
		{5C3DE354-EDD4-4377-A3D0-A33A5D2C7C71}.Debug|x64.ActiveCfg = Debug|Any CPU
		{5C3DE354-EDD4-4377-A3D0-A33A5D2C7C71}.Debug|x64.Build.0 = Debug|Any CPU
		{5C3DE354-EDD4-4377-A3D0-A33A5D2C7C71}.Debug|x86.ActiveCfg = Debug|Any CPU
		{5C3DE354-EDD4-4377-A3D0-A33A5D2C7C71}.Debug|x86.Build.0 = Debug|Any CPU
		{5C3DE354-EDD4-4377-A3D0-A33A5D2C7C71}.Release|x64.ActiveCfg = Release|Any CPU
		{5C3DE354-EDD4-4377-A3D0-A33A5D2C7C71}.Release|x86.ActiveCfg = Release|Any CPU
		{DB6292BE-67D3-48D3-90A6-8C9A37974CDE}.Debug|x64.ActiveCfg = Debug|Any CPU
		{DB6292BE-67D3-48D3-90A6-8C9A37974CDE}.Debug|x64.Build.0 = Debug|Any CPU
		{DB6292BE-67D3-48D3-90A6-8C9A37974CDE}.Debug|x86.ActiveCfg = Debug|Any CPU
		{DB6292BE-67D3-48D3-90A6-8C9A37974CDE}.Debug|x86.Build.0 = Debug|Any CPU
		{DB6292BE-67D3-48D3-90A6-8C9A37974CDE}.Release|x64.ActiveCfg = Release|Any CPU
		{DB6292BE-67D3-48D3-90A6-8C9A37974CDE}.Release|x86.ActiveCfg = Release|Any CPU
		{C764D7D5-9FF3-474D-92C7-133CA1589C65}.Debug|x64.ActiveCfg = Debug|Any CPU
		{C764D7D5-9FF3-474D-92C7-133CA1589C65}.Debug|x64.Build.0 = Debug|Any CPU
		{C764D7D5-9FF3-474D-92C7-133CA1589C65}.Debug|x86.ActiveCfg = Debug|Any CPU
		{C764D7D5-9FF3-474D-92C7-133CA1589C65}.Debug|x86.Build.0 = Debug|Any CPU
		{C764D7D5-9FF3-474D-92C7-133CA1589C65}.Release|x64.ActiveCfg = Release|Any CPU
		{C764D7D5-9FF3-474D-92C7-133CA1589C65}.Release|x86.ActiveCfg = Release|Any CPU
		{1AD597B5-D14F-4CF9-8FB7-163725558C0A}.Debug|x64.ActiveCfg = Debug|Any CPU
		{1AD597B5-D14F-4CF9-8FB7-163725558C0A}.Debug|x64.Build.0 = Debug|Any CPU
		{1AD597B5-D14F-4CF9-8FB7-163725558C0A}.Debug|x86.ActiveCfg = Debug|Any CPU
		{1AD597B5-D14F-4CF9-8FB7-163725558C0A}.Debug|x86.Build.0 = Debug|Any CPU
		{1AD597B5-D14F-4CF9-8FB7-163725558C0A}.Release|x64.ActiveCfg = Release|Any CPU
		{1AD597B5-D14F-4CF9-8FB7-163725558C0A}.Release|x86.ActiveCfg = Release|Any CPU
		{52C81B5A-2FF9-4021-9948-5E070158233B}.Debug|x64.ActiveCfg = Debug|Any CPU
		{52C81B5A-2FF9-4021-9948-5E070158233B}.Debug|x64.Build.0 = Debug|Any CPU
		{52C81B5A-2FF9-4021-9948-5E070158233B}.Debug|x86.ActiveCfg = Debug|Any CPU
		{52C81B5A-2FF9-4021-9948-5E070158233B}.Debug|x86.Build.0 = Debug|Any CPU
		{52C81B5A-2FF9-4021-9948-5E070158233B}.Release|x64.ActiveCfg = Release|Any CPU
		{52C81B5A-2FF9-4021-9948-5E070158233B}.Release|x86.ActiveCfg = Release|Any CPU
		{D4F61961-69B2-4FAD-95FD-916EA6DB2D84}.Debug|x64.ActiveCfg = Debug|Any CPU
		{D4F61961-69B2-4FAD-95FD-916EA6DB2D84}.Debug|x64.Build.0 = Debug|Any CPU
		{D4F61961-69B2-4FAD-95FD-916EA6DB2D84}.Debug|x86.ActiveCfg = Debug|Any CPU
		{D4F61961-69B2-4FAD-95FD-916EA6DB2D84}.Debug|x86.Build.0 = Debug|Any CPU
		{D4F61961-69B2-4FAD-95FD-916EA6DB2D84}.Release|x64.ActiveCfg = Release|Any CPU
		{D4F61961-69B2-4FAD-95FD-916EA6DB2D84}.Release|x86.ActiveCfg = Release|Any CPU
		{79CAA135-2881-4E2D-93E3-45257546E766}.Debug|x64.ActiveCfg = Debug|Any CPU
		{79CAA135-2881-4E2D-93E3-45257546E766}.Debug|x64.Build.0 = Debug|Any CPU
		{79CAA135-2881-4E2D-93E3-45257546E766}.Debug|x86.ActiveCfg = Debug|Any CPU
		{79CAA135-2881-4E2D-93E3-45257546E766}.Debug|x86.Build.0 = Debug|Any CPU
		{79CAA135-2881-4E2D-93E3-45257546E766}.Release|x64.ActiveCfg = Release|Any CPU
		{79CAA135-2881-4E2D-93E3-45257546E766}.Release|x86.ActiveCfg = Release|Any CPU
		{52DE493F-84F8-451B-8D04-BEDD8D5DF586}.Debug|x64.ActiveCfg = Debug|Any CPU
		{52DE493F-84F8-451B-8D04-BEDD8D5DF586}.Debug|x64.Build.0 = Debug|Any CPU
		{52DE493F-84F8-451B-8D04-BEDD8D5DF586}.Debug|x86.ActiveCfg = Debug|Any CPU
		{52DE493F-84F8-451B-8D04-BEDD8D5DF586}.Debug|x86.Build.0 = Debug|Any CPU
		{52DE493F-84F8-451B-8D04-BEDD8D5DF586}.Release|x64.ActiveCfg = Release|Any CPU
		{52DE493F-84F8-451B-8D04-BEDD8D5DF586}.Release|x86.ActiveCfg = Release|Any CPU
		{76183A0D-5F8B-44A1-9B32-3270C809F235}.Debug|x64.ActiveCfg = Debug|Any CPU
		{76183A0D-5F8B-44A1-9B32-3270C809F235}.Debug|x64.Build.0 = Debug|Any CPU
		{76183A0D-5F8B-44A1-9B32-3270C809F235}.Debug|x86.ActiveCfg = Debug|Any CPU
		{76183A0D-5F8B-44A1-9B32-3270C809F235}.Debug|x86.Build.0 = Debug|Any CPU
		{76183A0D-5F8B-44A1-9B32-3270C809F235}.Release|x64.ActiveCfg = Release|Any CPU
		{76183A0D-5F8B-44A1-9B32-3270C809F235}.Release|x86.ActiveCfg = Release|Any CPU
		{A0FB4011-6EB9-4444-8323-84F34A9939BB}.Debug|x64.ActiveCfg = Debug|x64
		{A0FB4011-6EB9-4444-8323-84F34A9939BB}.Debug|x64.Build.0 = Debug|x64
		{A0FB4011-6EB9-4444-8323-84F34A9939BB}.Debug|x86.ActiveCfg = Debug|Win32
		{A0FB4011-6EB9-4444-8323-84F34A9939BB}.Debug|x86.Build.0 = Debug|Win32
		{A0FB4011-6EB9-4444-8323-84F34A9939BB}.Release|x64.ActiveCfg = Release|x64
		{A0FB4011-6EB9-4444-8323-84F34A9939BB}.Release|x64.Build.0 = Release|x64
		{A0FB4011-6EB9-4444-8323-84F34A9939BB}.Release|x86.ActiveCfg = Release|x64
		{CDB74489-AC6B-47B0-878F-F228456F7FA3}.Debug|x64.ActiveCfg = Debug|Any CPU
		{CDB74489-AC6B-47B0-878F-F228456F7FA3}.Debug|x64.Build.0 = Debug|Any CPU
		{CDB74489-AC6B-47B0-878F-F228456F7FA3}.Debug|x86.ActiveCfg = Debug|Any CPU
		{CDB74489-AC6B-47B0-878F-F228456F7FA3}.Debug|x86.Build.0 = Debug|Any CPU
		{CDB74489-AC6B-47B0-878F-F228456F7FA3}.Release|x64.ActiveCfg = Release|Any CPU
		{CDB74489-AC6B-47B0-878F-F228456F7FA3}.Release|x86.ActiveCfg = Release|Any CPU
	EndGlobalSection
	GlobalSection(SolutionProperties) = preSolution
		HideSolutionNode = FALSE
	EndGlobalSection
EndGlobal
