
Microsoft Visual Studio Solution File, Format Version 12.00
# Visual Studio 2012
Project("{FAE04EC0-301F-11D3-BF4B-00C04F79EFBC}") = "Chess.Base", "Chess.Base\Chess.Base.csproj", "{5C3DE354-EDD4-4377-A3D0-A33A5D2C7C71}"
EndProject
Project("{FAE04EC0-301F-11D3-BF4B-00C04F79EFBC}") = "Chess.Base.Tests", "Chess.Base.Tests\Chess.Base.Tests.csproj", "{DB6292BE-67D3-48D3-90A6-8C9A37974CDE}"
EndProject
Project("{2150E333-8FDC-42A3-9474-1A3956D46DE8}") = "Solution Items", "Solution Items", "{967AC0A5-B100-4C1A-AFCF-672F7FF6E2BC}"
	ProjectSection(SolutionItems) = preProject
		Chess.vsmdi = Chess.vsmdi
		Local.testsettings = Local.testsettings
		TraceAndTestImpact.testsettings = TraceAndTestImpact.testsettings
	EndProjectSection
EndProject
Project("{FAE04EC0-301F-11D3-BF4B-00C04F79EFBC}") = "Chess.Lib.Managed", "Chess.Lib.Managed\Chess.Lib.Managed.csproj", "{79CAA135-2881-4E2D-93E3-45257546E766}"
EndProject
Project("{FAE04EC0-301F-11D3-BF4B-00C04F79EFBC}") = "Chess.Lib.Tests", "Chess.Lib.Tests\Chess.Lib.Tests.csproj", "{52DE493F-84F8-451B-8D04-BEDD8D5DF586}"
EndProject
Project("{FAE04EC0-301F-11D3-BF4B-00C04F79EFBC}") = "Chess.Lib.CalculateMagic", "Chess.Lib.CalculateMagic\Chess.Lib.CalculateMagic.csproj", "{76183A0D-5F8B-44A1-9B32-3270C809F235}"
EndProject
Project("{FAE04EC0-301F-11D3-BF4B-00C04F79EFBC}") = "Chess.Lib.BitboardEditor", "Chess.Lib.BitboardEditor\Chess.Lib.BitboardEditor.csproj", "{CDB74489-AC6B-47B0-878F-F228456F7FA3}"
EndProject
Project("{FAE04EC0-301F-11D3-BF4B-00C04F79EFBC}") = "Chess.Lib.EGTB", "Chess.Lib.EGTB\Chess.Lib.EGTB.csproj", "{8D1947D3-3B39-435A-B471-3A9638524249}"
EndProject
Project("{FAE04EC0-301F-11D3-BF4B-00C04F79EFBC}") = "Chess.Lib.OpeningBookGenerator", "Chess.Lib.OpeningBook\Chess.Lib.OpeningBookGenerator.csproj", "{84CF1E15-5D40-429A-8A80-8FA4D3F61ABB}"
EndProject
Project("{FAE04EC0-301F-11D3-BF4B-00C04F79EFBC}") = "Chess.Lib.TestPerf", "Chess.Lib.TestPerf\Chess.Lib.TestPerf.csproj", "{928975EE-B50F-4D16-88BC-6EC38174763C}"
EndProject
Project("{FAE04EC0-301F-11D3-BF4B-00C04F79EFBC}") = "Chess.Uci", "Chess.Uci\Chess.Uci.csproj", "{C69F5F4A-0B82-4689-8E54-DF39F61EDDFF}"
EndProject
Project("{FAE04EC0-301F-11D3-BF4B-00C04F79EFBC}") = "Chess.Uci.Tests", "Chess.Uci.Tests\Chess.Uci.Tests.csproj", "{2A6A6D70-9EA5-4E42-817B-334CFE9003C6}"
EndProject
Project("{FAE04EC0-301F-11D3-BF4B-00C04F79EFBC}") = "Chess.Vladivostok", "Vladivostok\Chess.Vladivostok.csproj", "{ACD1F6F8-C33E-4399-A4AA-93053DB35B93}"
EndProject
Project("{8BC9CEB8-8B4A-11D0-8D11-00A0C91BC942}") = "Chess.Lib", "Chess.Lib\Chess.Lib.vcxproj", "{A0FB4011-6EB9-4444-8323-84F34A9939BB}"
EndProject
Project("{FAE04EC0-301F-11D3-BF4B-00C04F79EFBC}") = "Chess.Testbed", "Chess.Testbed\Chess.Testbed.csproj", "{4CB8A3ED-2221-4877-8981-F1CCA2571802}"
EndProject
Project("{FAE04EC0-301F-11D3-BF4B-00C04F79EFBC}") = "Chess.Testbed.Tests", "Chess.Testbed.Tests\Chess.Testbed.Tests.csproj", "{FD0BEF03-9A4D-419B-A1B0-486DEE89735B}"
EndProject
Global
	GlobalSection(TestCaseManagementSettings) = postSolution
		CategoryFile = Chess.vsmdi
	EndGlobalSection
	GlobalSection(SolutionConfigurationPlatforms) = preSolution
		Debug|x64 = Debug|x64
		Debug|x86 = Debug|x86
		Release|x64 = Release|x64
		Release|x86 = Release|x86
	EndGlobalSection
	GlobalSection(ProjectConfigurationPlatforms) = postSolution
		{5C3DE354-EDD4-4377-A3D0-A33A5D2C7C71}.Debug|x64.ActiveCfg = Debug|Any CPU
		{5C3DE354-EDD4-4377-A3D0-A33A5D2C7C71}.Debug|x64.Build.0 = Debug|Any CPU
		{5C3DE354-EDD4-4377-A3D0-A33A5D2C7C71}.Debug|x86.ActiveCfg = Debug|Any CPU
		{5C3DE354-EDD4-4377-A3D0-A33A5D2C7C71}.Debug|x86.Build.0 = Debug|Any CPU
		{5C3DE354-EDD4-4377-A3D0-A33A5D2C7C71}.Release|x64.ActiveCfg = Release|Any CPU
		{5C3DE354-EDD4-4377-A3D0-A33A5D2C7C71}.Release|x64.Build.0 = Release|Any CPU
		{5C3DE354-EDD4-4377-A3D0-A33A5D2C7C71}.Release|x86.ActiveCfg = Release|Any CPU
		{5C3DE354-EDD4-4377-A3D0-A33A5D2C7C71}.Release|x86.Build.0 = Release|Any CPU
		{DB6292BE-67D3-48D3-90A6-8C9A37974CDE}.Debug|x64.ActiveCfg = Debug|Any CPU
		{DB6292BE-67D3-48D3-90A6-8C9A37974CDE}.Debug|x64.Build.0 = Debug|Any CPU
		{DB6292BE-67D3-48D3-90A6-8C9A37974CDE}.Debug|x86.ActiveCfg = Debug|Any CPU
		{DB6292BE-67D3-48D3-90A6-8C9A37974CDE}.Debug|x86.Build.0 = Debug|Any CPU
		{DB6292BE-67D3-48D3-90A6-8C9A37974CDE}.Release|x64.ActiveCfg = Release|Any CPU
		{DB6292BE-67D3-48D3-90A6-8C9A37974CDE}.Release|x64.Build.0 = Release|Any CPU
		{DB6292BE-67D3-48D3-90A6-8C9A37974CDE}.Release|x86.ActiveCfg = Release|Any CPU
		{DB6292BE-67D3-48D3-90A6-8C9A37974CDE}.Release|x86.Build.0 = Release|Any CPU
		{79CAA135-2881-4E2D-93E3-45257546E766}.Debug|x64.ActiveCfg = Debug|Any CPU
		{79CAA135-2881-4E2D-93E3-45257546E766}.Debug|x64.Build.0 = Debug|Any CPU
		{79CAA135-2881-4E2D-93E3-45257546E766}.Debug|x86.ActiveCfg = Debug|Any CPU
		{79CAA135-2881-4E2D-93E3-45257546E766}.Debug|x86.Build.0 = Debug|Any CPU
		{79CAA135-2881-4E2D-93E3-45257546E766}.Release|x64.ActiveCfg = Release|Any CPU
		{79CAA135-2881-4E2D-93E3-45257546E766}.Release|x64.Build.0 = Release|Any CPU
		{79CAA135-2881-4E2D-93E3-45257546E766}.Release|x86.ActiveCfg = Release|Any CPU
		{79CAA135-2881-4E2D-93E3-45257546E766}.Release|x86.Build.0 = Release|Any CPU
		{52DE493F-84F8-451B-8D04-BEDD8D5DF586}.Debug|x64.ActiveCfg = Debug|Any CPU
		{52DE493F-84F8-451B-8D04-BEDD8D5DF586}.Debug|x64.Build.0 = Debug|Any CPU
		{52DE493F-84F8-451B-8D04-BEDD8D5DF586}.Debug|x86.ActiveCfg = Debug|Any CPU
		{52DE493F-84F8-451B-8D04-BEDD8D5DF586}.Debug|x86.Build.0 = Debug|Any CPU
		{52DE493F-84F8-451B-8D04-BEDD8D5DF586}.Release|x64.ActiveCfg = Release|Any CPU
		{52DE493F-84F8-451B-8D04-BEDD8D5DF586}.Release|x64.Build.0 = Release|Any CPU
		{52DE493F-84F8-451B-8D04-BEDD8D5DF586}.Release|x86.ActiveCfg = Release|Any CPU
		{52DE493F-84F8-451B-8D04-BEDD8D5DF586}.Release|x86.Build.0 = Release|Any CPU
		{76183A0D-5F8B-44A1-9B32-3270C809F235}.Debug|x64.ActiveCfg = Debug|Any CPU
		{76183A0D-5F8B-44A1-9B32-3270C809F235}.Debug|x64.Build.0 = Debug|Any CPU
		{76183A0D-5F8B-44A1-9B32-3270C809F235}.Debug|x86.ActiveCfg = Debug|x86
		{76183A0D-5F8B-44A1-9B32-3270C809F235}.Debug|x86.Build.0 = Debug|x86
		{76183A0D-5F8B-44A1-9B32-3270C809F235}.Release|x64.ActiveCfg = Release|Any CPU
		{76183A0D-5F8B-44A1-9B32-3270C809F235}.Release|x64.Build.0 = Release|Any CPU
		{76183A0D-5F8B-44A1-9B32-3270C809F235}.Release|x86.ActiveCfg = Release|x86
		{76183A0D-5F8B-44A1-9B32-3270C809F235}.Release|x86.Build.0 = Release|x86
		{CDB74489-AC6B-47B0-878F-F228456F7FA3}.Debug|x64.ActiveCfg = Debug|Any CPU
		{CDB74489-AC6B-47B0-878F-F228456F7FA3}.Debug|x64.Build.0 = Debug|Any CPU
		{CDB74489-AC6B-47B0-878F-F228456F7FA3}.Debug|x86.ActiveCfg = Debug|Any CPU
		{CDB74489-AC6B-47B0-878F-F228456F7FA3}.Debug|x86.Build.0 = Debug|Any CPU
		{CDB74489-AC6B-47B0-878F-F228456F7FA3}.Release|x64.ActiveCfg = Release|Any CPU
		{CDB74489-AC6B-47B0-878F-F228456F7FA3}.Release|x64.Build.0 = Release|Any CPU
		{CDB74489-AC6B-47B0-878F-F228456F7FA3}.Release|x86.ActiveCfg = Release|Any CPU
		{CDB74489-AC6B-47B0-878F-F228456F7FA3}.Release|x86.Build.0 = Release|Any CPU
		{8D1947D3-3B39-435A-B471-3A9638524249}.Debug|x64.ActiveCfg = Debug|Any CPU
		{8D1947D3-3B39-435A-B471-3A9638524249}.Debug|x64.Build.0 = Debug|Any CPU
		{8D1947D3-3B39-435A-B471-3A9638524249}.Debug|x86.ActiveCfg = Debug|Any CPU
		{8D1947D3-3B39-435A-B471-3A9638524249}.Debug|x86.Build.0 = Debug|Any CPU
		{8D1947D3-3B39-435A-B471-3A9638524249}.Release|x64.ActiveCfg = Release|Any CPU
		{8D1947D3-3B39-435A-B471-3A9638524249}.Release|x64.Build.0 = Release|Any CPU
		{8D1947D3-3B39-435A-B471-3A9638524249}.Release|x86.ActiveCfg = Release|Any CPU
		{8D1947D3-3B39-435A-B471-3A9638524249}.Release|x86.Build.0 = Release|Any CPU
		{84CF1E15-5D40-429A-8A80-8FA4D3F61ABB}.Debug|x64.ActiveCfg = Debug|Any CPU
		{84CF1E15-5D40-429A-8A80-8FA4D3F61ABB}.Debug|x64.Build.0 = Debug|Any CPU
		{84CF1E15-5D40-429A-8A80-8FA4D3F61ABB}.Debug|x86.ActiveCfg = Debug|Any CPU
		{84CF1E15-5D40-429A-8A80-8FA4D3F61ABB}.Debug|x86.Build.0 = Debug|Any CPU
		{84CF1E15-5D40-429A-8A80-8FA4D3F61ABB}.Release|x64.ActiveCfg = Release|Any CPU
		{84CF1E15-5D40-429A-8A80-8FA4D3F61ABB}.Release|x64.Build.0 = Release|Any CPU
		{84CF1E15-5D40-429A-8A80-8FA4D3F61ABB}.Release|x86.ActiveCfg = Release|Any CPU
		{84CF1E15-5D40-429A-8A80-8FA4D3F61ABB}.Release|x86.Build.0 = Release|Any CPU
		{928975EE-B50F-4D16-88BC-6EC38174763C}.Debug|x64.ActiveCfg = Debug|Any CPU
		{928975EE-B50F-4D16-88BC-6EC38174763C}.Debug|x64.Build.0 = Debug|Any CPU
		{928975EE-B50F-4D16-88BC-6EC38174763C}.Debug|x86.ActiveCfg = Debug|x86
		{928975EE-B50F-4D16-88BC-6EC38174763C}.Debug|x86.Build.0 = Debug|x86
		{928975EE-B50F-4D16-88BC-6EC38174763C}.Release|x64.ActiveCfg = Release|Any CPU
		{928975EE-B50F-4D16-88BC-6EC38174763C}.Release|x64.Build.0 = Release|Any CPU
		{928975EE-B50F-4D16-88BC-6EC38174763C}.Release|x86.ActiveCfg = Release|x86
		{928975EE-B50F-4D16-88BC-6EC38174763C}.Release|x86.Build.0 = Release|x86
		{C69F5F4A-0B82-4689-8E54-DF39F61EDDFF}.Debug|x64.ActiveCfg = Debug|Any CPU
		{C69F5F4A-0B82-4689-8E54-DF39F61EDDFF}.Debug|x64.Build.0 = Debug|Any CPU
		{C69F5F4A-0B82-4689-8E54-DF39F61EDDFF}.Debug|x86.ActiveCfg = Debug|Any CPU
		{C69F5F4A-0B82-4689-8E54-DF39F61EDDFF}.Debug|x86.Build.0 = Debug|Any CPU
		{C69F5F4A-0B82-4689-8E54-DF39F61EDDFF}.Release|x64.ActiveCfg = Release|Any CPU
		{C69F5F4A-0B82-4689-8E54-DF39F61EDDFF}.Release|x64.Build.0 = Release|Any CPU
		{C69F5F4A-0B82-4689-8E54-DF39F61EDDFF}.Release|x86.ActiveCfg = Release|Any CPU
		{C69F5F4A-0B82-4689-8E54-DF39F61EDDFF}.Release|x86.Build.0 = Release|Any CPU
		{2A6A6D70-9EA5-4E42-817B-334CFE9003C6}.Debug|x64.ActiveCfg = Debug|Any CPU
		{2A6A6D70-9EA5-4E42-817B-334CFE9003C6}.Debug|x64.Build.0 = Debug|Any CPU
		{2A6A6D70-9EA5-4E42-817B-334CFE9003C6}.Debug|x86.ActiveCfg = Debug|Any CPU
		{2A6A6D70-9EA5-4E42-817B-334CFE9003C6}.Debug|x86.Build.0 = Debug|Any CPU
		{2A6A6D70-9EA5-4E42-817B-334CFE9003C6}.Release|x64.ActiveCfg = Release|Any CPU
		{2A6A6D70-9EA5-4E42-817B-334CFE9003C6}.Release|x64.Build.0 = Release|Any CPU
		{2A6A6D70-9EA5-4E42-817B-334CFE9003C6}.Release|x86.ActiveCfg = Release|Any CPU
		{2A6A6D70-9EA5-4E42-817B-334CFE9003C6}.Release|x86.Build.0 = Release|Any CPU
		{ACD1F6F8-C33E-4399-A4AA-93053DB35B93}.Debug|x64.ActiveCfg = Debug|Any CPU
		{ACD1F6F8-C33E-4399-A4AA-93053DB35B93}.Debug|x64.Build.0 = Debug|Any CPU
		{ACD1F6F8-C33E-4399-A4AA-93053DB35B93}.Debug|x86.ActiveCfg = Debug|x86
		{ACD1F6F8-C33E-4399-A4AA-93053DB35B93}.Debug|x86.Build.0 = Debug|x86
		{ACD1F6F8-C33E-4399-A4AA-93053DB35B93}.Release|x64.ActiveCfg = Release|Any CPU
		{ACD1F6F8-C33E-4399-A4AA-93053DB35B93}.Release|x64.Build.0 = Release|Any CPU
		{ACD1F6F8-C33E-4399-A4AA-93053DB35B93}.Release|x86.ActiveCfg = Release|x86
		{ACD1F6F8-C33E-4399-A4AA-93053DB35B93}.Release|x86.Build.0 = Release|x86
		{A0FB4011-6EB9-4444-8323-84F34A9939BB}.Debug|x64.ActiveCfg = Debug|x64
		{A0FB4011-6EB9-4444-8323-84F34A9939BB}.Debug|x64.Build.0 = Debug|x64
		{A0FB4011-6EB9-4444-8323-84F34A9939BB}.Debug|x86.ActiveCfg = Debug|Win32
		{A0FB4011-6EB9-4444-8323-84F34A9939BB}.Debug|x86.Build.0 = Debug|Win32
		{A0FB4011-6EB9-4444-8323-84F34A9939BB}.Release|x64.ActiveCfg = Release|x64
		{A0FB4011-6EB9-4444-8323-84F34A9939BB}.Release|x64.Build.0 = Release|x64
		{A0FB4011-6EB9-4444-8323-84F34A9939BB}.Release|x86.ActiveCfg = Release|Win32
		{A0FB4011-6EB9-4444-8323-84F34A9939BB}.Release|x86.Build.0 = Release|Win32
		{4CB8A3ED-2221-4877-8981-F1CCA2571802}.Debug|x64.ActiveCfg = Debug|Any CPU
		{4CB8A3ED-2221-4877-8981-F1CCA2571802}.Debug|x64.Build.0 = Debug|Any CPU
		{4CB8A3ED-2221-4877-8981-F1CCA2571802}.Debug|x86.ActiveCfg = Debug|Any CPU
		{4CB8A3ED-2221-4877-8981-F1CCA2571802}.Debug|x86.Build.0 = Debug|Any CPU
		{4CB8A3ED-2221-4877-8981-F1CCA2571802}.Release|x64.ActiveCfg = Release|Any CPU
		{4CB8A3ED-2221-4877-8981-F1CCA2571802}.Release|x86.ActiveCfg = Release|Any CPU
		{FD0BEF03-9A4D-419B-A1B0-486DEE89735B}.Debug|x64.ActiveCfg = Debug|Any CPU
		{FD0BEF03-9A4D-419B-A1B0-486DEE89735B}.Debug|x64.Build.0 = Debug|Any CPU
		{FD0BEF03-9A4D-419B-A1B0-486DEE89735B}.Debug|x86.ActiveCfg = Debug|Any CPU
		{FD0BEF03-9A4D-419B-A1B0-486DEE89735B}.Debug|x86.Build.0 = Debug|Any CPU
		{FD0BEF03-9A4D-419B-A1B0-486DEE89735B}.Release|x64.ActiveCfg = Release|Any CPU
		{FD0BEF03-9A4D-419B-A1B0-486DEE89735B}.Release|x86.ActiveCfg = Release|Any CPU
	EndGlobalSection
	GlobalSection(SolutionProperties) = preSolution
		HideSolutionNode = FALSE
	EndGlobalSection
	GlobalSection(Performance) = preSolution
		HasPerformanceSessions = true
	EndGlobalSection
	GlobalSection(MonoDevelopProperties) = preSolution
		StartupItem = Chess.Lib.TestPerf\Chess.Lib.TestPerf.csproj
	EndGlobalSection
EndGlobal
