<?xml version="1.0" encoding="utf-8"?>
<Project ToolsVersion="4.0" xmlns="http://schemas.microsoft.com/developer/msbuild/2003">
  <ItemGroup>
    <Filter Include="Source Files">
      <UniqueIdentifier>{4FC737F1-C7A5-4376-A066-2A32D752A2FF}</UniqueIdentifier>
      <Extensions>cpp;c;cc;cxx;def;odl;idl;hpj;bat;asm;asmx</Extensions>
    </Filter>
    <Filter Include="Header Files">
      <UniqueIdentifier>{93995380-89BD-4b04-88EB-625FBE52EBFB}</UniqueIdentifier>
      <Extensions>h;hpp;hxx;hm;inl;inc;xsd</Extensions>
    </Filter>
    <Filter Include="Resource Files">
      <UniqueIdentifier>{67DA6AB6-F800-4c08-8B7A-83BB121AAD01}</UniqueIdentifier>
      <Extensions>rc;ico;cur;bmp;dlg;rc2;rct;bin;rgs;gif;jpg;jpeg;jpe;resx;tiff;tif;png;wav;mfcribbon-ms</Extensions>
    </Filter>
    <Filter Include="Extra">
      <UniqueIdentifier>{08b47311-d8e9-4ec4-a02e-0df63c933a88}</UniqueIdentifier>
    </Filter>
    <Filter Include="Header Files\Moves">
      <UniqueIdentifier>{96cdd8b9-c227-4a32-abe9-d937481f596d}</UniqueIdentifier>
    </Filter>
  </ItemGroup>
  <ItemGroup>
    <ClCompile Include="Bitboard.cpp">
      <Filter>Source Files</Filter>
    </ClCompile>
    <ClCompile Include="Board.cpp">
      <Filter>Source Files</Filter>
    </ClCompile>
    <ClCompile Include="Move.cpp">
      <Filter>Source Files</Filter>
    </ClCompile>
    <ClCompile Include="Moves.cpp">
      <Filter>Source Files</Filter>
    </ClCompile>
    <ClCompile Include="Zobrist.cpp">
      <Filter>Source Files</Filter>
    </ClCompile>
    <ClCompile Include="test.cpp">
      <Filter>Source Files</Filter>
    </ClCompile>
  </ItemGroup>
  <ItemGroup>
    <ClInclude Include="Bitboard.h">
      <Filter>Header Files</Filter>
    </ClInclude>
    <ClInclude Include="Board.h">
      <Filter>Header Files</Filter>
    </ClInclude>
    <ClInclude Include="Move.h">
      <Filter>Header Files</Filter>
    </ClInclude>
    <ClInclude Include="Moves.h">
      <Filter>Header Files</Filter>
    </ClInclude>
    <ClInclude Include="Moves\Bishop.h">
      <Filter>Header Files\Moves</Filter>
    </ClInclude>
    <ClInclude Include="Moves\BishopMagic.h">
      <Filter>Header Files\Moves</Filter>
    </ClInclude>
    <ClInclude Include="Moves\King.h">
      <Filter>Header Files\Moves</Filter>
    </ClInclude>
    <ClInclude Include="Moves\Knight.h">
      <Filter>Header Files\Moves</Filter>
    </ClInclude>
    <ClInclude Include="Moves\Pawn.h">
      <Filter>Header Files\Moves</Filter>
    </ClInclude>
    <ClInclude Include="Moves\Queen.h">
      <Filter>Header Files\Moves</Filter>
    </ClInclude>
    <ClInclude Include="Moves\Rook.h">
      <Filter>Header Files\Moves</Filter>
    </ClInclude>
    <ClInclude Include="Moves\RookMagic.h">
      <Filter>Header Files\Moves</Filter>
    </ClInclude>
    <ClInclude Include="Zobrist.h">
      <Filter>Header Files</Filter>
    </ClInclude>
    <ClInclude Include="Default.h">
      <Filter>Header Files</Filter>
    </ClInclude>
    <ClInclude Include="inttypes.h">
      <Filter>Header Files</Filter>
    </ClInclude>
  </ItemGroup>
</Project>